
Microsoft Visual Studio Solution File, Format Version 12.00
# Visual Studio Version 16
VisualStudioVersion = 16.0.31613.86
MinimumVisualStudioVersion = 10.0.40219.1
Project("{9A19103F-16F7-4668-BE54-9A1E7A4F7556}") = "AuthorizationService", "AuthorizationService.csproj", "{72ED8367-4366-4870-BB52-5300709A1782}"
EndProject
Global
	GlobalSection(SolutionConfigurationPlatforms) = preSolution
		Debug|Any CPU = Debug|Any CPU
		Release|Any CPU = Release|Any CPU
	EndGlobalSection
	GlobalSection(ProjectConfigurationPlatforms) = postSolution
		{72ED8367-4366-4870-BB52-5300709A1782}.Debug|Any CPU.ActiveCfg = Debug|Any CPU
		{72ED8367-4366-4870-BB52-5300709A1782}.Debug|Any CPU.Build.0 = Debug|Any CPU
		{72ED8367-4366-4870-BB52-5300709A1782}.Release|Any CPU.ActiveCfg = Release|Any CPU
		{72ED8367-4366-4870-BB52-5300709A1782}.Release|Any CPU.Build.0 = Release|Any CPU
	EndGlobalSection
	GlobalSection(SolutionProperties) = preSolution
		HideSolutionNode = FALSE
	EndGlobalSection
	GlobalSection(ExtensibilityGlobals) = postSolution
		SolutionGuid = {9847F4F0-C916-4F94-BA17-53A6650A5F71}
	EndGlobalSection
EndGlobal
